
Microsoft Visual Studio Solution File, Format Version 12.00
# Visual Studio Version 17
VisualStudioVersion = 17.10.34928.147
MinimumVisualStudioVersion = 10.0.40219.1
Project("{FAE04EC0-301F-11D3-BF4B-00C04F79EFBC}") = "consumindoAPISimples", "consumindoAPISimples\consumindoAPISimples.csproj", "{B2FE0ADC-F5DF-4B99-B3FD-9F6D5CF4EAC9}"
EndProject
Global
	GlobalSection(SolutionConfigurationPlatforms) = preSolution
		Debug|Any CPU = Debug|Any CPU
		Release|Any CPU = Release|Any CPU
	EndGlobalSection
	GlobalSection(ProjectConfigurationPlatforms) = postSolution
		{B2FE0ADC-F5DF-4B99-B3FD-9F6D5CF4EAC9}.Debug|Any CPU.ActiveCfg = Debug|Any CPU
		{B2FE0ADC-F5DF-4B99-B3FD-9F6D5CF4EAC9}.Debug|Any CPU.Build.0 = Debug|Any CPU
		{B2FE0ADC-F5DF-4B99-B3FD-9F6D5CF4EAC9}.Release|Any CPU.ActiveCfg = Release|Any CPU
		{B2FE0ADC-F5DF-4B99-B3FD-9F6D5CF4EAC9}.Release|Any CPU.Build.0 = Release|Any CPU
	EndGlobalSection
	GlobalSection(SolutionProperties) = preSolution
		HideSolutionNode = FALSE
	EndGlobalSection
	GlobalSection(ExtensibilityGlobals) = postSolution
		SolutionGuid = {AE1411F9-5032-450D-AF0B-55746F5B8C63}
	EndGlobalSection
EndGlobal
